
Microsoft Visual Studio Solution File, Format Version 12.00
# Visual Studio 15
VisualStudioVersion = 15.0.27703.2018
MinimumVisualStudioVersion = 10.0.40219.1
Project("{FAE04EC0-301F-11D3-BF4B-00C04F79EFBC}") = "SnakeGenomeGenerator", "SnakeGenomeGenerator\SnakeGenomeGenerator.csproj", "{B76D4D98-5AB8-4D5D-B0BE-A66C82F0EC43}"
EndProject
Project("{FAE04EC0-301F-11D3-BF4B-00C04F79EFBC}") = "SnakeGenomeGenerator.Tests", "SnakeGenomeGenerator.Tests\SnakeGenomeGenerator.Tests.csproj", "{48C00027-304F-45A6-A13C-7A42F6304959}"
EndProject
Global
	GlobalSection(SolutionConfigurationPlatforms) = preSolution
		Debug|Any CPU = Debug|Any CPU
		Release|Any CPU = Release|Any CPU
	EndGlobalSection
	GlobalSection(ProjectConfigurationPlatforms) = postSolution
		{B76D4D98-5AB8-4D5D-B0BE-A66C82F0EC43}.Debug|Any CPU.ActiveCfg = Debug|Any CPU
		{B76D4D98-5AB8-4D5D-B0BE-A66C82F0EC43}.Debug|Any CPU.Build.0 = Debug|Any CPU
		{B76D4D98-5AB8-4D5D-B0BE-A66C82F0EC43}.Release|Any CPU.ActiveCfg = Release|Any CPU
		{B76D4D98-5AB8-4D5D-B0BE-A66C82F0EC43}.Release|Any CPU.Build.0 = Release|Any CPU
		{48C00027-304F-45A6-A13C-7A42F6304959}.Debug|Any CPU.ActiveCfg = Debug|Any CPU
		{48C00027-304F-45A6-A13C-7A42F6304959}.Debug|Any CPU.Build.0 = Debug|Any CPU
		{48C00027-304F-45A6-A13C-7A42F6304959}.Release|Any CPU.ActiveCfg = Release|Any CPU
		{48C00027-304F-45A6-A13C-7A42F6304959}.Release|Any CPU.Build.0 = Release|Any CPU
	EndGlobalSection
	GlobalSection(SolutionProperties) = preSolution
		HideSolutionNode = FALSE
	EndGlobalSection
	GlobalSection(ExtensibilityGlobals) = postSolution
		SolutionGuid = {DDE0BDF8-B64D-46AC-88DF-B1D3FB10A45F}
	EndGlobalSection
EndGlobal
